version: 6
environments:
  default:
    channels:
    - url: https://conda.anaconda.org/conda-forge/
    packages:
      osx-64:
      - conda: https://conda.anaconda.org/conda-forge/osx-64/ca-certificates-2025.1.31-h8857fd0_0.conda
      - conda: https://conda.anaconda.org/conda-forge/osx-64/icu-64.2-h6de7cb9_1.tar.bz2
      - conda: https://conda.anaconda.org/conda-forge/osx-64/libcxx-19.1.7-hf95d169_0.conda
      - conda: https://conda.anaconda.org/conda-forge/osx-64/libuv-1.39.0-haf1e3a3_0.tar.bz2
      - conda: https://conda.anaconda.org/conda-forge/osx-64/libzlib-1.2.13-h87427d6_6.conda
      - conda: https://conda.anaconda.org/conda-forge/osx-64/nodejs-10.22.0-h3540aa8_0.tar.bz2
      - conda: https://conda.anaconda.org/conda-forge/osx-64/openssl-1.1.1w-h8a1eda9_0.conda
      - conda: https://conda.anaconda.org/conda-forge/osx-64/zlib-1.2.13-h87427d6_6.conda
      win-64:
      - conda: https://conda.anaconda.org/conda-forge/win-64/nodejs-10.22.0-0.tar.bz2
      - conda: https://conda.anaconda.org/conda-forge/win-64/ucrt-10.0.22621.0-h57928b3_1.conda
      - conda: https://conda.anaconda.org/conda-forge/win-64/vc14_runtime-14.42.34433-h6356254_24.conda
      - conda: https://conda.anaconda.org/conda-forge/win-64/vs2015_runtime-14.42.34433-hfef2bbc_24.conda
packages:
- conda: https://conda.anaconda.org/conda-forge/osx-64/ca-certificates-2025.1.31-h8857fd0_0.conda
  sha256: 42e911ee2d8808eacedbec46d99b03200a6138b8e8a120bd8acabe1cac41c63b
  md5: 3418b6c8cac3e71c0bc089fc5ea53042
  license: ISC
  size: 158408
  timestamp: 1738298385933
- conda: https://conda.anaconda.org/conda-forge/osx-64/icu-64.2-h6de7cb9_1.tar.bz2
  sha256: 61d283e0646c36ba5ad98966aae50d234faedf92ddcf34f1382035e00b38f777
  md5: 98593e7221241d8e19fee197ac105b4d
  depends:
  - libcxx >=4.0.1
  license: MIT
  license_family: MIT
  size: 12917055
  timestamp: 1566795789228
- conda: https://conda.anaconda.org/conda-forge/osx-64/libcxx-19.1.7-hf95d169_0.conda
  sha256: 6b2fa3fb1e8cd2000b0ed259e0c4e49cbef7b76890157fac3e494bc659a20330
  md5: 4b8f8dc448d814169dbc58fc7286057d
  depends:
  - __osx >=10.13
  license: Apache-2.0 WITH LLVM-exception
  license_family: Apache
  size: 527924
  timestamp: 1736877256721
- conda: https://conda.anaconda.org/conda-forge/osx-64/libuv-1.39.0-haf1e3a3_0.tar.bz2
  sha256: 77fb0651f877ff62b2938283af4d8fe5274ac5b92f194a601a233f23e07b986f
  md5: b0832dda7ff39efad26940139d130ff9
  license: MIT
  license_family: MIT
  size: 421660
  timestamp: 1598351358715
- conda: https://conda.anaconda.org/conda-forge/osx-64/libzlib-1.2.13-h87427d6_6.conda
  sha256: 1c70fca0720685242b5c68956f310665c7ed43f04807aa4227322eee7925881c
  md5: c0ef3c38a80c02ae1d86588c055184fc
  depends:
  - __osx >=10.13
  constrains:
  - zlib 1.2.13 *_6
  license: Zlib
  license_family: Other
  size: 57373
  timestamp: 1716874185419
- conda: https://conda.anaconda.org/conda-forge/osx-64/nodejs-10.22.0-h3540aa8_0.tar.bz2
  sha256: 039fe8a06293f5aee1b671717c11a4c54d851939cf2da4c67b4c40f0f91f38dd
  md5: 8bf53af71b381541807074a4a0bdf97e
  depends:
  - icu >=64.2,<65.0a0
  - libcxx >=10.0.1
  - libuv >=1.39.0,<1.40.0a0
  - openssl >=1.1.1g,<1.1.2a
  - zlib >=1.2.11,<1.3.0a0
  license: MIT
  license_family: MIT
  size: 11832791
  timestamp: 1598898374299
- conda: https://conda.anaconda.org/conda-forge/win-64/nodejs-10.22.0-0.tar.bz2
  sha256: 16bccaddb17204c7714dd996913fb6c8d1a48cbbfe6845b5446259ebb1c9535b
  md5: f453f0c8177d8eb1011af20c9d161475
  depends:
  - vs2015_runtime
  license: MIT
  license_family: MIT
  size: 14768383
  timestamp: 1598894797724
- conda: https://conda.anaconda.org/conda-forge/osx-64/openssl-1.1.1w-h8a1eda9_0.conda
  sha256: 58fd3b113c41202527f0bd6631887ff472cabfac67521f073fbf2bfc48e583b9
  md5: 83cdb687c0caa41dad9d4941afcdfd64
  depends:
  - ca-certificates
  license: OpenSSL
  license_family: Apache
  size: 1737034
  timestamp: 1694462007875
- conda: https://conda.anaconda.org/conda-forge/win-64/ucrt-10.0.22621.0-h57928b3_1.conda
  sha256: db8dead3dd30fb1a032737554ce91e2819b43496a0db09927edf01c32b577450
  md5: 6797b005cd0f439c4c5c9ac565783700
  constrains:
  - vs2015_runtime >=14.29.30037
  license: LicenseRef-MicrosoftWindowsSDK10
  size: 559710
  timestamp: 1728377334097
- conda: https://conda.anaconda.org/conda-forge/win-64/vc14_runtime-14.42.34433-h6356254_24.conda
  sha256: abda97b8728cf6e3c37df8f1178adde7219bed38b96e392cb3be66336386d32e
  md5: 2441e010ee255e6a38bf16705a756e94
  depends:
  - ucrt >=10.0.20348.0
  constrains:
  - vs2015_runtime 14.42.34433.* *_24
  license: LicenseRef-MicrosoftVisualCpp2015-2022Runtime
  license_family: Proprietary
  size: 753531
  timestamp: 1737627061911
- conda: https://conda.anaconda.org/conda-forge/win-64/vs2015_runtime-14.42.34433-hfef2bbc_24.conda
  sha256: 09102e0bd283af65772c052d85028410b0c31989b3cd96c260485d28e270836e
  md5: 117fcc5b86c48f3b322b0722258c7259
  depends:
  - vc14_runtime >=14.42.34433
  license: BSD-3-Clause
  license_family: BSD
  size: 17669
  timestamp: 1737627066773
- conda: https://conda.anaconda.org/conda-forge/osx-64/zlib-1.2.13-h87427d6_6.conda
  sha256: 3091d48a579c08ba20885bc8856def925e9dee9d1a7d8713e3ce002eb29fcd19
  md5: 700b922d6d22e7deb5fb2964d0c8cf6a
  depends:
  - __osx >=10.13
  - libzlib 1.2.13 h87427d6_6
  license: Zlib
  license_family: Other
  size: 88732
  timestamp: 1716874218187
